
Microsoft Visual Studio Solution File, Format Version 12.00
# Visual Studio Version 16
VisualStudioVersion = 16.0.30128.74
MinimumVisualStudioVersion = 10.0.40219.1
Project("{FAE04EC0-301F-11D3-BF4B-00C04F79EFBC}") = "OcelotTest", "OcelotTest\OcelotTest.csproj", "{A1E1FEAF-F602-4131-A529-5352A83A2E66}"
EndProject
Project("{FAE04EC0-301F-11D3-BF4B-00C04F79EFBC}") = "Test", "Test\Test.csproj", "{70E895ED-DCE4-43FD-B91A-744318677C74}"
EndProject
Global
	GlobalSection(SolutionConfigurationPlatforms) = preSolution
		Debug|Any CPU = Debug|Any CPU
		Release|Any CPU = Release|Any CPU
	EndGlobalSection
	GlobalSection(ProjectConfigurationPlatforms) = postSolution
		{A1E1FEAF-F602-4131-A529-5352A83A2E66}.Debug|Any CPU.ActiveCfg = Debug|Any CPU
		{A1E1FEAF-F602-4131-A529-5352A83A2E66}.Debug|Any CPU.Build.0 = Debug|Any CPU
		{A1E1FEAF-F602-4131-A529-5352A83A2E66}.Release|Any CPU.ActiveCfg = Release|Any CPU
		{A1E1FEAF-F602-4131-A529-5352A83A2E66}.Release|Any CPU.Build.0 = Release|Any CPU
		{70E895ED-DCE4-43FD-B91A-744318677C74}.Debug|Any CPU.ActiveCfg = Debug|Any CPU
		{70E895ED-DCE4-43FD-B91A-744318677C74}.Debug|Any CPU.Build.0 = Debug|Any CPU
		{70E895ED-DCE4-43FD-B91A-744318677C74}.Release|Any CPU.ActiveCfg = Release|Any CPU
		{70E895ED-DCE4-43FD-B91A-744318677C74}.Release|Any CPU.Build.0 = Release|Any CPU
	EndGlobalSection
	GlobalSection(SolutionProperties) = preSolution
		HideSolutionNode = FALSE
	EndGlobalSection
	GlobalSection(ExtensibilityGlobals) = postSolution
		SolutionGuid = {86033300-F3AD-4325-BE75-6DC0B47E79F5}
	EndGlobalSection
EndGlobal
